
Microsoft Visual Studio Solution File, Format Version 12.00
# Visual Studio 2013
VisualStudioVersion = 12.0.31101.0
MinimumVisualStudioVersion = 10.0.40219.1
Project("{FAE04EC0-301F-11D3-BF4B-00C04F79EFBC}") = "PostManager", "PostManager\PostManager.csproj", "{909818B6-E101-475E-89DA-73AE77F7B97E}"
EndProject
Project("{FAE04EC0-301F-11D3-BF4B-00C04F79EFBC}") = "DMSys.Systems", "..\..\DMSys.SourceForge\DMSys.Framesource\DMSys.Systems\DMSys.Systems.csproj", "{E611627D-89D3-4560-959F-05CD28510086}"
EndProject
Project("{FAE04EC0-301F-11D3-BF4B-00C04F79EFBC}") = "DMSys.Data", "..\..\DMSys.SourceForge\DMSys.Framesource\DMSys.Data\DMSys.Data.csproj", "{D731EBC1-783F-4C37-8198-3BE8C419F506}"
EndProject
Project("{FAE04EC0-301F-11D3-BF4B-00C04F79EFBC}") = "Post.Models", "..\PostStore\Post.Models\Post.Models.csproj", "{EBD3D2E8-55BD-4C13-93C8-25529A24B361}"
EndProject
Global
	GlobalSection(SolutionConfigurationPlatforms) = preSolution
		Debug|Any CPU = Debug|Any CPU
		Release|Any CPU = Release|Any CPU
	EndGlobalSection
	GlobalSection(ProjectConfigurationPlatforms) = postSolution
		{909818B6-E101-475E-89DA-73AE77F7B97E}.Debug|Any CPU.ActiveCfg = Debug|Any CPU
		{909818B6-E101-475E-89DA-73AE77F7B97E}.Debug|Any CPU.Build.0 = Debug|Any CPU
		{909818B6-E101-475E-89DA-73AE77F7B97E}.Release|Any CPU.ActiveCfg = Release|Any CPU
		{909818B6-E101-475E-89DA-73AE77F7B97E}.Release|Any CPU.Build.0 = Release|Any CPU
		{E611627D-89D3-4560-959F-05CD28510086}.Debug|Any CPU.ActiveCfg = Debug|Any CPU
		{E611627D-89D3-4560-959F-05CD28510086}.Debug|Any CPU.Build.0 = Debug|Any CPU
		{E611627D-89D3-4560-959F-05CD28510086}.Release|Any CPU.ActiveCfg = Release|Any CPU
		{E611627D-89D3-4560-959F-05CD28510086}.Release|Any CPU.Build.0 = Release|Any CPU
		{D731EBC1-783F-4C37-8198-3BE8C419F506}.Debug|Any CPU.ActiveCfg = Debug|Any CPU
		{D731EBC1-783F-4C37-8198-3BE8C419F506}.Debug|Any CPU.Build.0 = Debug|Any CPU
		{D731EBC1-783F-4C37-8198-3BE8C419F506}.Release|Any CPU.ActiveCfg = Release|Any CPU
		{D731EBC1-783F-4C37-8198-3BE8C419F506}.Release|Any CPU.Build.0 = Release|Any CPU
		{EBD3D2E8-55BD-4C13-93C8-25529A24B361}.Debug|Any CPU.ActiveCfg = Debug|Any CPU
		{EBD3D2E8-55BD-4C13-93C8-25529A24B361}.Debug|Any CPU.Build.0 = Debug|Any CPU
		{EBD3D2E8-55BD-4C13-93C8-25529A24B361}.Release|Any CPU.ActiveCfg = Release|Any CPU
		{EBD3D2E8-55BD-4C13-93C8-25529A24B361}.Release|Any CPU.Build.0 = Release|Any CPU
	EndGlobalSection
	GlobalSection(SolutionProperties) = preSolution
		HideSolutionNode = FALSE
	EndGlobalSection
EndGlobal
